<?xml version="1.0" encoding="utf-8"?>
<Project ToolsVersion="4.0" xmlns="http://schemas.microsoft.com/developer/msbuild/2003">
  <ItemGroup>
    <Filter Include="Source Files">
      <UniqueIdentifier>{4FC737F1-C7A5-4376-A066-2A32D752A2FF}</UniqueIdentifier>
      <Extensions>cpp;c;cc;cxx;def;odl;idl;hpj;bat;asm;asmx</Extensions>
    </Filter>
    <Filter Include="Header Files">
      <UniqueIdentifier>{93995380-89BD-4b04-88EB-625FBE52EBFB}</UniqueIdentifier>
      <Extensions>h;hh;hpp;hxx;hm;inl;inc;xsd</Extensions>
    </Filter>
    <Filter Include="Resource Files">
      <UniqueIdentifier>{67DA6AB6-F800-4c08-8B7A-83BB121AAD01}</UniqueIdentifier>
      <Extensions>rc;ico;cur;bmp;dlg;rc2;rct;bin;rgs;gif;jpg;jpeg;jpe;resx;tiff;tif;png;wav;mfcribbon-ms</Extensions>
    </Filter>
    <Filter Include="Header Files\Behavior">
      <UniqueIdentifier>{468ca726-3f7f-464e-8eae-ac022bccfd6a}</UniqueIdentifier>
    </Filter>
    <Filter Include="Source Files\Behavior">
      <UniqueIdentifier>{9871578b-c1d9-4c15-bc60-e875ba11bd9f}</UniqueIdentifier>
    </Filter>
    <Filter Include="Source Files\States">
      <UniqueIdentifier>{d57658ea-ffc1-4eb0-8321-bcae4fbfdb01}</UniqueIdentifier>
    </Filter>
    <Filter Include="Header Files\States">
      <UniqueIdentifier>{af2d069d-acea-460f-a1ad-8214eca6e192}</UniqueIdentifier>
    </Filter>
    <Filter Include="Header Files\Decision">
      <UniqueIdentifier>{19980f2c-f006-475c-b909-72d2bd6a393d}</UniqueIdentifier>
    </Filter>
    <Filter Include="Source Files\Decision">
      <UniqueIdentifier>{1cc74641-28ce-43a6-973e-554ddb41bb4a}</UniqueIdentifier>
    </Filter>
  </ItemGroup>
  <ItemGroup>
    <ClCompile Include="Application2D.cpp">
      <Filter>Source Files</Filter>
    </ClCompile>
    <ClCompile Include="main.cpp">
      <Filter>Source Files</Filter>
    </ClCompile>
    <ClCompile Include="..\bootstrap\AStarNode.cpp">
      <Filter>Source Files</Filter>
    </ClCompile>
    <ClCompile Include="AStar.cpp">
      <Filter>Source Files</Filter>
    </ClCompile>
    <ClCompile Include="Entity.cpp">
      <Filter>Source Files</Filter>
    </ClCompile>
    <ClCompile Include="Bot.cpp">
      <Filter>Source Files</Filter>
    </ClCompile>
    <ClCompile Include="BotUnit.cpp">
      <Filter>Source Files</Filter>
    </ClCompile>
    <ClCompile Include="BehaviorPursue.cpp">
      <Filter>Source Files\Behavior</Filter>
    </ClCompile>
    <ClCompile Include="StateMachine.cpp">
      <Filter>Resource Files</Filter>
    </ClCompile>
    <ClCompile Include="StateAggressive.cpp">
      <Filter>Source Files\States</Filter>
    </ClCompile>
    <ClCompile Include="StateMachineAI.cpp">
      <Filter>Resource Files</Filter>
    </ClCompile>
    <ClCompile Include="BehaviorSeek.cpp">
      <Filter>Source Files\Behavior</Filter>
    </ClCompile>
    <ClCompile Include="BehaviorFlee.cpp">
      <Filter>Source Files\Behavior</Filter>
    </ClCompile>
    <ClCompile Include="BehaviorArrival.cpp">
      <Filter>Source Files\Behavior</Filter>
    </ClCompile>
    <ClCompile Include="Bot2.cpp">
      <Filter>Source Files</Filter>
    </ClCompile>
    <ClCompile Include="DecisionKeyboard.cpp">
      <Filter>Source Files\Decision</Filter>
    </ClCompile>
    <ClCompile Include="DecisionWander.cpp">
      <Filter>Source Files\Decision</Filter>
    </ClCompile>
    <ClCompile Include="BotDecision.cpp">
      <Filter>Source Files</Filter>
    </ClCompile>
    <ClCompile Include="DecisionToggled.cpp">
      <Filter>Source Files\Decision</Filter>
    </ClCompile>
    <ClCompile Include="DecisionButtonPressed.cpp">
      <Filter>Source Files\Decision</Filter>
    </ClCompile>
  </ItemGroup>
  <ItemGroup>
    <ClInclude Include="Application2D.h">
      <Filter>Header Files</Filter>
    </ClInclude>
    <ClInclude Include="GridNode.h">
      <Filter>Header Files</Filter>
    </ClInclude>
    <ClInclude Include="AStar.h">
      <Filter>Header Files</Filter>
    </ClInclude>
    <ClInclude Include="..\bootstrap\AStarNode.h">
      <Filter>Header Files</Filter>
    </ClInclude>
    <ClInclude Include="BaseState.h">
      <Filter>Resource Files</Filter>
    </ClInclude>
    <ClInclude Include="DynamicArray.h">
      <Filter>Resource Files</Filter>
    </ClInclude>
    <ClInclude Include="LinkedList.h">
      <Filter>Resource Files</Filter>
    </ClInclude>
    <ClInclude Include="ObjectPool.h">
      <Filter>Resource Files</Filter>
    </ClInclude>
    <ClInclude Include="Queue.h">
      <Filter>Resource Files</Filter>
    </ClInclude>
    <ClInclude Include="Stack.h">
      <Filter>Resource Files</Filter>
    </ClInclude>
    <ClInclude Include="StateMachine.h">
      <Filter>Resource Files</Filter>
    </ClInclude>
    <ClInclude Include="Entity.h">
      <Filter>Header Files</Filter>
    </ClInclude>
    <ClInclude Include="Bot.h">
      <Filter>Header Files</Filter>
    </ClInclude>
    <ClInclude Include="BotUnit.h">
      <Filter>Header Files</Filter>
    </ClInclude>
    <ClInclude Include="ListNode.h">
      <Filter>Resource Files</Filter>
    </ClInclude>
    <ClInclude Include="Heap.h">
      <Filter>Resource Files</Filter>
    </ClInclude>
    <ClInclude Include="StateMachineAI.h">
      <Filter>Resource Files</Filter>
    </ClInclude>
    <ClInclude Include="BaseStateAI.h">
      <Filter>Resource Files</Filter>
    </ClInclude>
    <ClInclude Include="defines.h">
      <Filter>Resource Files</Filter>
    </ClInclude>
    <ClInclude Include="Decision.h">
      <Filter>Header Files\Decision</Filter>
    </ClInclude>
    <ClInclude Include="DecisionTree.h">
      <Filter>Header Files\Decision</Filter>
    </ClInclude>
    <ClInclude Include="DecisionWander.h">
      <Filter>Header Files\Decision</Filter>
    </ClInclude>
    <ClInclude Include="DecisionKeyboard.h">
      <Filter>Header Files\Decision</Filter>
    </ClInclude>
    <ClInclude Include="Bot2.h">
      <Filter>Header Files</Filter>
    </ClInclude>
    <ClInclude Include="DecisionToggled.h">
      <Filter>Header Files\Decision</Filter>
    </ClInclude>
    <ClInclude Include="IBehavior.h">
      <Filter>Header Files\Behavior</Filter>
    </ClInclude>
    <ClInclude Include="BehaviorSeek.h">
      <Filter>Header Files\Behavior</Filter>
    </ClInclude>
    <ClInclude Include="BehaviorPursue.h">
      <Filter>Header Files\Behavior</Filter>
    </ClInclude>
    <ClInclude Include="BehaviorFlee.h">
      <Filter>Header Files\Behavior</Filter>
    </ClInclude>
    <ClInclude Include="BehaviorArrival.h">
      <Filter>Header Files\Behavior</Filter>
    </ClInclude>
    <ClInclude Include="StateAggressive.h">
      <Filter>Header Files\States</Filter>
    </ClInclude>
    <ClInclude Include="BotDecision.h">
      <Filter>Header Files</Filter>
    </ClInclude>
    <ClInclude Include="DecisionButtonPressed.h">
      <Filter>Header Files\Decision</Filter>
    </ClInclude>
  </ItemGroup>
</Project>